
Microsoft Visual Studio Solution File, Format Version 9.00
# Visual Studio 2005
Project("{8BC9CEB8-8B4A-11D0-8D11-00A0C91BC942}") = "xpce", "xpce\xpce.vcproj", "{8CC16DD5-B02B-4B36-9E8E-078CB2A07F75}"
EndProject
Project("{8BC9CEB8-8B4A-11D0-8D11-00A0C91BC942}") = "mcsat", "mcsat\mcsat.vcproj", "{544A2D56-4C07-447F-9706-2793682A289C}"
EndProject
Global
	GlobalSection(SolutionConfigurationPlatforms) = preSolution
		Debug|Win32 = Debug|Win32
		Release|Win32 = Release|Win32
	EndGlobalSection
	GlobalSection(ProjectConfigurationPlatforms) = postSolution
		{8CC16DD5-B02B-4B36-9E8E-078CB2A07F75}.Debug|Win32.ActiveCfg = Debug|Win32
		{8CC16DD5-B02B-4B36-9E8E-078CB2A07F75}.Debug|Win32.Build.0 = Debug|Win32
		{8CC16DD5-B02B-4B36-9E8E-078CB2A07F75}.Release|Win32.ActiveCfg = Release|Win32
		{8CC16DD5-B02B-4B36-9E8E-078CB2A07F75}.Release|Win32.Build.0 = Release|Win32
		{544A2D56-4C07-447F-9706-2793682A289C}.Debug|Win32.ActiveCfg = Debug|Win32
		{544A2D56-4C07-447F-9706-2793682A289C}.Debug|Win32.Build.0 = Debug|Win32
		{544A2D56-4C07-447F-9706-2793682A289C}.Release|Win32.ActiveCfg = Release|Win32
		{544A2D56-4C07-447F-9706-2793682A289C}.Release|Win32.Build.0 = Release|Win32
	EndGlobalSection
	GlobalSection(SolutionProperties) = preSolution
		HideSolutionNode = FALSE
	EndGlobalSection
EndGlobal
